
Microsoft Visual Studio Solution File, Format Version 12.00
# Visual Studio Version 16
VisualStudioVersion = 16.0.29806.167
MinimumVisualStudioVersion = 10.0.40219.1
Project("{FAE04EC0-301F-11D3-BF4B-00C04F79EFBC}") = "FavoriteThings", "FavoriteThings\FavoriteThings.csproj", "{56BCEF0B-5EE8-43E8-8A99-047B4309A37A}"
EndProject
Global
	GlobalSection(SolutionConfigurationPlatforms) = preSolution
		Debug|Any CPU = Debug|Any CPU
		Release|Any CPU = Release|Any CPU
	EndGlobalSection
	GlobalSection(ProjectConfigurationPlatforms) = postSolution
		{56BCEF0B-5EE8-43E8-8A99-047B4309A37A}.Debug|Any CPU.ActiveCfg = Debug|Any CPU
		{56BCEF0B-5EE8-43E8-8A99-047B4309A37A}.Debug|Any CPU.Build.0 = Debug|Any CPU
		{56BCEF0B-5EE8-43E8-8A99-047B4309A37A}.Release|Any CPU.ActiveCfg = Release|Any CPU
		{56BCEF0B-5EE8-43E8-8A99-047B4309A37A}.Release|Any CPU.Build.0 = Release|Any CPU
	EndGlobalSection
	GlobalSection(SolutionProperties) = preSolution
		HideSolutionNode = FALSE
	EndGlobalSection
	GlobalSection(ExtensibilityGlobals) = postSolution
		SolutionGuid = {227F5E67-2A39-453D-AA9B-C6F8B92716E5}
	EndGlobalSection
EndGlobal
